{
  "name": "quality-check",
  "version": "0.2.1",
  "lockfileVersion": 3,
  "requires": true,
  "packages": {
    "": {
      "name": "quality-check",
      "version": "0.2.1",
      "license": "MIT",
      "bin": {
        "quality-check": "bin/quality-check.js"
      },
      "engines": {
        "node": ">=18"
      }
    }
  }
}
